{
  "name": "md-links",
  "version": "0.1.0",
  "lockfileVersion": 3,
  "requires": true,
  "packages": {
    "": {
      "name": "md-links",
      "version": "0.1.0",
      "dependencies": {
        "md-links": "github:DulRz/DEV006-md-links"
      },
      "engines": {
        "node": ">=16.x"
      }
    },
    "node_modules/md-links": {
      "version": "0.1.0",
      "resolved": "git+ssh://git@github.com/DulRz/DEV006-md-links.git#b2e622c8f66f73ee3cd73a823e75353d4f7f1cea",
      "engines": {
        "node": ">=16.x"
      }
    }
  }
}
